// !$*UTF8*$!
{
	archiveVersion = 1;
	classes = {
	};
	objectVersion = 56;
	objects = {

/* Begin PBXBuildFile section */
		D468D8B9297AD5D100E4198D /* CombineExpressSessionApp.swift in Sources */ = {isa = PBXBuildFile; fileRef = D468D8B8297AD5D100E4198D /* CombineExpressSessionApp.swift */; };
		D468D8BB297AD5D100E4198D /* LoginView.swift in Sources */ = {isa = PBXBuildFile; fileRef = D468D8BA297AD5D100E4198D /* LoginView.swift */; };
		D468D8BD297AD5D500E4198D /* Assets.xcassets in Resources */ = {isa = PBXBuildFile; fileRef = D468D8BC297AD5D500E4198D /* Assets.xcassets */; };
		D468D8C0297AD5D500E4198D /* Preview Assets.xcassets in Resources */ = {isa = PBXBuildFile; fileRef = D468D8BF297AD5D500E4198D /* Preview Assets.xcassets */; };
		D468D8CA297AD5D500E4198D /* CombineExpressSessionTests.swift in Sources */ = {isa = PBXBuildFile; fileRef = D468D8C9297AD5D500E4198D /* CombineExpressSessionTests.swift */; };
		D4907267297B2DD7009B0963 /* LoginViewModel.swift in Sources */ = {isa = PBXBuildFile; fileRef = D4907266297B2DD7009B0963 /* LoginViewModel.swift */; };
		D4907269297B30B1009B0963 /* NetworkManager.swift in Sources */ = {isa = PBXBuildFile; fileRef = D4907268297B30B1009B0963 /* NetworkManager.swift */; };
		D490726B297B34CF009B0963 /* User.swift in Sources */ = {isa = PBXBuildFile; fileRef = D490726A297B34CF009B0963 /* User.swift */; };
/* End PBXBuildFile section */

/* Begin PBXContainerItemProxy section */
		D468D8C6297AD5D500E4198D /* PBXContainerItemProxy */ = {
			isa = PBXContainerItemProxy;
			containerPortal = D468D8AD297AD5D100E4198D /* Project object */;
			proxyType = 1;
			remoteGlobalIDString = D468D8B4297AD5D100E4198D;
			remoteInfo = CombineExpressSession;
		};
/* End PBXContainerItemProxy section */

/* Begin PBXFileReference section */
		D468D8B5297AD5D100E4198D /* CombineExpressSession.app */ = {isa = PBXFileReference; explicitFileType = wrapper.application; includeInIndex = 0; path = CombineExpressSession.app; sourceTree = BUILT_PRODUCTS_DIR; };
		D468D8B8297AD5D100E4198D /* CombineExpressSessionApp.swift */ = {isa = PBXFileReference; lastKnownFileType = sourcecode.swift; path = CombineExpressSessionApp.swift; sourceTree = "<group>"; };
		D468D8BA297AD5D100E4198D /* LoginView.swift */ = {isa = PBXFileReference; lastKnownFileType = sourcecode.swift; path = LoginView.swift; sourceTree = "<group>"; };
		D468D8BC297AD5D500E4198D /* Assets.xcassets */ = {isa = PBXFileReference; lastKnownFileType = folder.assetcatalog; path = Assets.xcassets; sourceTree = "<group>"; };
		D468D8BF297AD5D500E4198D /* Preview Assets.xcassets */ = {isa = PBXFileReference; lastKnownFileType = folder.assetcatalog; path = "Preview Assets.xcassets"; sourceTree = "<group>"; };
		D468D8C5297AD5D500E4198D /* CombineExpressSessionTests.xctest */ = {isa = PBXFileReference; explicitFileType = wrapper.cfbundle; includeInIndex = 0; path = CombineExpressSessionTests.xctest; sourceTree = BUILT_PRODUCTS_DIR; };
		D468D8C9297AD5D500E4198D /* CombineExpressSessionTests.swift */ = {isa = PBXFileReference; lastKnownFileType = sourcecode.swift; path = CombineExpressSessionTests.swift; sourceTree = "<group>"; };
		D4907266297B2DD7009B0963 /* LoginViewModel.swift */ = {isa = PBXFileReference; lastKnownFileType = sourcecode.swift; path = LoginViewModel.swift; sourceTree = "<group>"; };
		D4907268297B30B1009B0963 /* NetworkManager.swift */ = {isa = PBXFileReference; lastKnownFileType = sourcecode.swift; path = NetworkManager.swift; sourceTree = "<group>"; };
		D490726A297B34CF009B0963 /* User.swift */ = {isa = PBXFileReference; lastKnownFileType = sourcecode.swift; path = User.swift; sourceTree = "<group>"; };
/* End PBXFileReference section */

/* Begin PBXFrameworksBuildPhase section */
		D468D8B2297AD5D100E4198D /* Frameworks */ = {
			isa = PBXFrameworksBuildPhase;
			buildActionMask = 2147483647;
			files = (
			);
			runOnlyForDeploymentPostprocessing = 0;
		};
		D468D8C2297AD5D500E4198D /* Frameworks */ = {
			isa = PBXFrameworksBuildPhase;
			buildActionMask = 2147483647;
			files = (
			);
			runOnlyForDeploymentPostprocessing = 0;
		};
/* End PBXFrameworksBuildPhase section */

/* Begin PBXGroup section */
		D468D8AC297AD5D100E4198D = {
			isa = PBXGroup;
			children = (
				D468D8B7297AD5D100E4198D /* CombineExpressSession */,
				D468D8C8297AD5D500E4198D /* CombineExpressSessionTests */,
				D468D8B6297AD5D100E4198D /* Products */,
			);
			sourceTree = "<group>";
		};
		D468D8B6297AD5D100E4198D /* Products */ = {
			isa = PBXGroup;
			children = (
				D468D8B5297AD5D100E4198D /* CombineExpressSession.app */,
				D468D8C5297AD5D500E4198D /* CombineExpressSessionTests.xctest */,
			);
			name = Products;
			sourceTree = "<group>";
		};
		D468D8B7297AD5D100E4198D /* CombineExpressSession */ = {
			isa = PBXGroup;
			children = (
				D468D8B8297AD5D100E4198D /* CombineExpressSessionApp.swift */,
				D468D8BA297AD5D100E4198D /* LoginView.swift */,
				D468D8BC297AD5D500E4198D /* Assets.xcassets */,
				D468D8BE297AD5D500E4198D /* Preview Content */,
				D4907266297B2DD7009B0963 /* LoginViewModel.swift */,
				D490726A297B34CF009B0963 /* User.swift */,
				D4907268297B30B1009B0963 /* NetworkManager.swift */,
			);
			path = CombineExpressSession;
			sourceTree = "<group>";
		};
		D468D8BE297AD5D500E4198D /* Preview Content */ = {
			isa = PBXGroup;
			children = (
				D468D8BF297AD5D500E4198D /* Preview Assets.xcassets */,
			);
			path = "Preview Content";
			sourceTree = "<group>";
		};
		D468D8C8297AD5D500E4198D /* CombineExpressSessionTests */ = {
			isa = PBXGroup;
			children = (
				D468D8C9297AD5D500E4198D /* CombineExpressSessionTests.swift */,
			);
			path = CombineExpressSessionTests;
			sourceTree = "<group>";
		};
/* End PBXGroup section */

/* Begin PBXNativeTarget section */
		D468D8B4297AD5D100E4198D /* CombineExpressSession */ = {
			isa = PBXNativeTarget;
			buildConfigurationList = D468D8D9297AD5D600E4198D /* Build configuration list for PBXNativeTarget "CombineExpressSession" */;
			buildPhases = (
				D468D8B1297AD5D100E4198D /* Sources */,
				D468D8B2297AD5D100E4198D /* Frameworks */,
				D468D8B3297AD5D100E4198D /* Resources */,
			);
			buildRules = (
			);
			dependencies = (
			);
			name = CombineExpressSession;
			productName = CombineExpressSession;
			productReference = D468D8B5297AD5D100E4198D /* CombineExpressSession.app */;
			productType = "com.apple.product-type.application";
		};
		D468D8C4297AD5D500E4198D /* CombineExpressSessionTests */ = {
			isa = PBXNativeTarget;
			buildConfigurationList = D468D8DC297AD5D600E4198D /* Build configuration list for PBXNativeTarget "CombineExpressSessionTests" */;
			buildPhases = (
				D468D8C1297AD5D500E4198D /* Sources */,
				D468D8C2297AD5D500E4198D /* Frameworks */,
				D468D8C3297AD5D500E4198D /* Resources */,
			);
			buildRules = (
			);
			dependencies = (
				D468D8C7297AD5D500E4198D /* PBXTargetDependency */,
			);
			name = CombineExpressSessionTests;
			productName = CombineExpressSessionTests;
			productReference = D468D8C5297AD5D500E4198D /* CombineExpressSessionTests.xctest */;
			productType = "com.apple.product-type.bundle.unit-test";
		};
/* End PBXNativeTarget section */

/* Begin PBXProject section */
		D468D8AD297AD5D100E4198D /* Project object */ = {
			isa = PBXProject;
			attributes = {
				BuildIndependentTargetsInParallel = 1;
				LastSwiftUpdateCheck = 1410;
				LastUpgradeCheck = 1410;
				TargetAttributes = {
					D468D8B4297AD5D100E4198D = {
						CreatedOnToolsVersion = 14.1;
					};
					D468D8C4297AD5D500E4198D = {
						CreatedOnToolsVersion = 14.1;
						TestTargetID = D468D8B4297AD5D100E4198D;
					};
				};
			};
			buildConfigurationList = D468D8B0297AD5D100E4198D /* Build configuration list for PBXProject "CombineExpressSession" */;
			compatibilityVersion = "Xcode 14.0";
			developmentRegion = en;
			hasScannedForEncodings = 0;
			knownRegions = (
				en,
				Base,
			);
			mainGroup = D468D8AC297AD5D100E4198D;
			productRefGroup = D468D8B6297AD5D100E4198D /* Products */;
			projectDirPath = "";
			projectRoot = "";
			targets = (
				D468D8B4297AD5D100E4198D /* CombineExpressSession */,
				D468D8C4297AD5D500E4198D /* CombineExpressSessionTests */,
			);
		};
/* End PBXProject section */

/* Begin PBXResourcesBuildPhase section */
		D468D8B3297AD5D100E4198D /* Resources */ = {
			isa = PBXResourcesBuildPhase;
			buildActionMask = 2147483647;
			files = (
				D468D8C0297AD5D500E4198D /* Preview Assets.xcassets in Resources */,
				D468D8BD297AD5D500E4198D /* Assets.xcassets in Resources */,
			);
			runOnlyForDeploymentPostprocessing = 0;
		};
		D468D8C3297AD5D500E4198D /* Resources */ = {
			isa = PBXResourcesBuildPhase;
			buildActionMask = 2147483647;
			files = (
			);
			runOnlyForDeploymentPostprocessing = 0;
		};
/* End PBXResourcesBuildPhase section */

/* Begin PBXSourcesBuildPhase section */
		D468D8B1297AD5D100E4198D /* Sources */ = {
			isa = PBXSourcesBuildPhase;
			buildActionMask = 2147483647;
			files = (
				D4907269297B30B1009B0963 /* NetworkManager.swift in Sources */,
				D468D8BB297AD5D100E4198D /* LoginView.swift in Sources */,
				D468D8B9297AD5D100E4198D /* CombineExpressSessionApp.swift in Sources */,
				D490726B297B34CF009B0963 /* User.swift in Sources */,
				D4907267297B2DD7009B0963 /* LoginViewModel.swift in Sources */,
			);
			runOnlyForDeploymentPostprocessing = 0;
		};
		D468D8C1297AD5D500E4198D /* Sources */ = {
			isa = PBXSourcesBuildPhase;
			buildActionMask = 2147483647;
			files = (
				D468D8CA297AD5D500E4198D /* CombineExpressSessionTests.swift in Sources */,
			);
			runOnlyForDeploymentPostprocessing = 0;
		};
/* End PBXSourcesBuildPhase section */

/* Begin PBXTargetDependency section */
		D468D8C7297AD5D500E4198D /* PBXTargetDependency */ = {
			isa = PBXTargetDependency;
			target = D468D8B4297AD5D100E4198D /* CombineExpressSession */;
			targetProxy = D468D8C6297AD5D500E4198D /* PBXContainerItemProxy */;
		};
/* End PBXTargetDependency section */

/* Begin XCBuildConfiguration section */
		D468D8D7297AD5D600E4198D /* Debug */ = {
			isa = XCBuildConfiguration;
			buildSettings = {
				ALWAYS_SEARCH_USER_PATHS = NO;
				CLANG_ANALYZER_NONNULL = YES;
				CLANG_ANALYZER_NUMBER_OBJECT_CONVERSION = YES_AGGRESSIVE;
				CLANG_CXX_LANGUAGE_STANDARD = "gnu++20";
				CLANG_ENABLE_MODULES = YES;
				CLANG_ENABLE_OBJC_ARC = YES;
				CLANG_ENABLE_OBJC_WEAK = YES;
				CLANG_WARN_BLOCK_CAPTURE_AUTORELEASING = YES;
				CLANG_WARN_BOOL_CONVERSION = YES;
				CLANG_WARN_COMMA = YES;
				CLANG_WARN_CONSTANT_CONVERSION = YES;
				CLANG_WARN_DEPRECATED_OBJC_IMPLEMENTATIONS = YES;
				CLANG_WARN_DIRECT_OBJC_ISA_USAGE = YES_ERROR;
				CLANG_WARN_DOCUMENTATION_COMMENTS = YES;
				CLANG_WARN_EMPTY_BODY = YES;
				CLANG_WARN_ENUM_CONVERSION = YES;
				CLANG_WARN_INFINITE_RECURSION = YES;
				CLANG_WARN_INT_CONVERSION = YES;
				CLANG_WARN_NON_LITERAL_NULL_CONVERSION = YES;
				CLANG_WARN_OBJC_IMPLICIT_RETAIN_SELF = YES;
				CLANG_WARN_OBJC_LITERAL_CONVERSION = YES;
				CLANG_WARN_OBJC_ROOT_CLASS = YES_ERROR;
				CLANG_WARN_QUOTED_INCLUDE_IN_FRAMEWORK_HEADER = YES;
				CLANG_WARN_RANGE_LOOP_ANALYSIS = YES;
				CLANG_WARN_STRICT_PROTOTYPES = YES;
				CLANG_WARN_SUSPICIOUS_MOVE = YES;
				CLANG_WARN_UNGUARDED_AVAILABILITY = YES_AGGRESSIVE;
				CLANG_WARN_UNREACHABLE_CODE = YES;
				CLANG_WARN__DUPLICATE_METHOD_MATCH = YES;
				COPY_PHASE_STRIP = NO;
				DEBUG_INFORMATION_FORMAT = dwarf;
				ENABLE_STRICT_OBJC_MSGSEND = YES;
				ENABLE_TESTABILITY = YES;
				GCC_C_LANGUAGE_STANDARD = gnu11;
				GCC_DYNAMIC_NO_PIC = NO;
				GCC_NO_COMMON_BLOCKS = YES;
				GCC_OPTIMIZATION_LEVEL = 0;
				GCC_PREPROCESSOR_DEFINITIONS = (
					"DEBUG=1",
					"$(inherited)",
				);
				GCC_WARN_64_TO_32_BIT_CONVERSION = YES;
				GCC_WARN_ABOUT_RETURN_TYPE = YES_ERROR;
				GCC_WARN_UNDECLARED_SELECTOR = YES;
				GCC_WARN_UNINITIALIZED_AUTOS = YES_AGGRESSIVE;
				GCC_WARN_UNUSED_FUNCTION = YES;
				GCC_WARN_UNUSED_VARIABLE = YES;
				IPHONEOS_DEPLOYMENT_TARGET = 16.1;
				MTL_ENABLE_DEBUG_INFO = INCLUDE_SOURCE;
				MTL_FAST_MATH = YES;
				ONLY_ACTIVE_ARCH = YES;
				SDKROOT = iphoneos;
				SWIFT_ACTIVE_COMPILATION_CONDITIONS = DEBUG;
				SWIFT_OPTIMIZATION_LEVEL = "-Onone";
			};
			name = Debug;
		};
		D468D8D8297AD5D600E4198D /* Release */ = {
			isa = XCBuildConfiguration;
			buildSettings = {
				ALWAYS_SEARCH_USER_PATHS = NO;
				CLANG_ANALYZER_NONNULL = YES;
				CLANG_ANALYZER_NUMBER_OBJECT_CONVERSION = YES_AGGRESSIVE;
				CLANG_CXX_LANGUAGE_STANDARD = "gnu++20";
				CLANG_ENABLE_MODULES = YES;
				CLANG_ENABLE_OBJC_ARC = YES;
				CLANG_ENABLE_OBJC_WEAK = YES;
				CLANG_WARN_BLOCK_CAPTURE_AUTORELEASING = YES;
				CLANG_WARN_BOOL_CONVERSION = YES;
				CLANG_WARN_COMMA = YES;
				CLANG_WARN_CONSTANT_CONVERSION = YES;
				CLANG_WARN_DEPRECATED_OBJC_IMPLEMENTATIONS = YES;
				CLANG_WARN_DIRECT_OBJC_ISA_USAGE = YES_ERROR;
				CLANG_WARN_DOCUMENTATION_COMMENTS = YES;
				CLANG_WARN_EMPTY_BODY = YES;
				CLANG_WARN_ENUM_CONVERSION = YES;
				CLANG_WARN_INFINITE_RECURSION = YES;
				CLANG_WARN_INT_CONVERSION = YES;
				CLANG_WARN_NON_LITERAL_NULL_CONVERSION = YES;
				CLANG_WARN_OBJC_IMPLICIT_RETAIN_SELF = YES;
				CLANG_WARN_OBJC_LITERAL_CONVERSION = YES;
				CLANG_WARN_OBJC_ROOT_CLASS = YES_ERROR;
				CLANG_WARN_QUOTED_INCLUDE_IN_FRAMEWORK_HEADER = YES;
				CLANG_WARN_RANGE_LOOP_ANALYSIS = YES;
				CLANG_WARN_STRICT_PROTOTYPES = YES;
				CLANG_WARN_SUSPICIOUS_MOVE = YES;
				CLANG_WARN_UNGUARDED_AVAILABILITY = YES_AGGRESSIVE;
				CLANG_WARN_UNREACHABLE_CODE = YES;
				CLANG_WARN__DUPLICATE_METHOD_MATCH = YES;
				COPY_PHASE_STRIP = NO;
				DEBUG_INFORMATION_FORMAT = "dwarf-with-dsym";
				ENABLE_NS_ASSERTIONS = NO;
				ENABLE_STRICT_OBJC_MSGSEND = YES;
				GCC_C_LANGUAGE_STANDARD = gnu11;
				GCC_NO_COMMON_BLOCKS = YES;
				GCC_WARN_64_TO_32_BIT_CONVERSION = YES;
				GCC_WARN_ABOUT_RETURN_TYPE = YES_ERROR;
				GCC_WARN_UNDECLARED_SELECTOR = YES;
				GCC_WARN_UNINITIALIZED_AUTOS = YES_AGGRESSIVE;
				GCC_WARN_UNUSED_FUNCTION = YES;
				GCC_WARN_UNUSED_VARIABLE = YES;
				IPHONEOS_DEPLOYMENT_TARGET = 16.1;
				MTL_ENABLE_DEBUG_INFO = NO;
				MTL_FAST_MATH = YES;
				SDKROOT = iphoneos;
				SWIFT_COMPILATION_MODE = wholemodule;
				SWIFT_OPTIMIZATION_LEVEL = "-O";
				VALIDATE_PRODUCT = YES;
			};
			name = Release;
		};
		D468D8DA297AD5D600E4198D /* Debug */ = {
			isa = XCBuildConfiguration;
			buildSettings = {
				ASSETCATALOG_COMPILER_APPICON_NAME = AppIcon;
				ASSETCATALOG_COMPILER_GLOBAL_ACCENT_COLOR_NAME = AccentColor;
				CODE_SIGN_STYLE = Automatic;
				CURRENT_PROJECT_VERSION = 1;
				DEVELOPMENT_ASSET_PATHS = "\"CombineExpressSession/Preview Content\"";
				ENABLE_PREVIEWS = YES;
				GENERATE_INFOPLIST_FILE = YES;
				INFOPLIST_KEY_UIApplicationSceneManifest_Generation = YES;
				INFOPLIST_KEY_UIApplicationSupportsIndirectInputEvents = YES;
				INFOPLIST_KEY_UILaunchScreen_Generation = YES;
				INFOPLIST_KEY_UISupportedInterfaceOrientations_iPad = "UIInterfaceOrientationPortrait UIInterfaceOrientationPortraitUpsideDown UIInterfaceOrientationLandscapeLeft UIInterfaceOrientationLandscapeRight";
				INFOPLIST_KEY_UISupportedInterfaceOrientations_iPhone = "UIInterfaceOrientationPortrait UIInterfaceOrientationLandscapeLeft UIInterfaceOrientationLandscapeRight";
				LD_RUNPATH_SEARCH_PATHS = (
					"$(inherited)",
					"@executable_path/Frameworks",
				);
				MARKETING_VERSION = 1.0;
				PRODUCT_BUNDLE_IDENTIFIER = com.hello.CombineExpressSession;
				PRODUCT_NAME = "$(TARGET_NAME)";
				SWIFT_EMIT_LOC_STRINGS = YES;
				SWIFT_VERSION = 5.0;
				TARGETED_DEVICE_FAMILY = "1,2";
			};
			name = Debug;
		};
		D468D8DB297AD5D600E4198D /* Release */ = {
			isa = XCBuildConfiguration;
			buildSettings = {
				ASSETCATALOG_COMPILER_APPICON_NAME = AppIcon;
				ASSETCATALOG_COMPILER_GLOBAL_ACCENT_COLOR_NAME = AccentColor;
				CODE_SIGN_STYLE = Automatic;
				CURRENT_PROJECT_VERSION = 1;
				DEVELOPMENT_ASSET_PATHS = "\"CombineExpressSession/Preview Content\"";
				ENABLE_PREVIEWS = YES;
				GENERATE_INFOPLIST_FILE = YES;
				INFOPLIST_KEY_UIApplicationSceneManifest_Generation = YES;
				INFOPLIST_KEY_UIApplicationSupportsIndirectInputEvents = YES;
				INFOPLIST_KEY_UILaunchScreen_Generation = YES;
				INFOPLIST_KEY_UISupportedInterfaceOrientations_iPad = "UIInterfaceOrientationPortrait UIInterfaceOrientationPortraitUpsideDown UIInterfaceOrientationLandscapeLeft UIInterfaceOrientationLandscapeRight";
				INFOPLIST_KEY_UISupportedInterfaceOrientations_iPhone = "UIInterfaceOrientationPortrait UIInterfaceOrientationLandscapeLeft UIInterfaceOrientationLandscapeRight";
				LD_RUNPATH_SEARCH_PATHS = (
					"$(inherited)",
					"@executable_path/Frameworks",
				);
				MARKETING_VERSION = 1.0;
				PRODUCT_BUNDLE_IDENTIFIER = com.hello.CombineExpressSession;
				PRODUCT_NAME = "$(TARGET_NAME)";
				SWIFT_EMIT_LOC_STRINGS = YES;
				SWIFT_VERSION = 5.0;
				TARGETED_DEVICE_FAMILY = "1,2";
			};
			name = Release;
		};
		D468D8DD297AD5D600E4198D /* Debug */ = {
			isa = XCBuildConfiguration;
			buildSettings = {
				ALWAYS_EMBED_SWIFT_STANDARD_LIBRARIES = YES;
				BUNDLE_LOADER = "$(TEST_HOST)";
				CODE_SIGN_STYLE = Automatic;
				CURRENT_PROJECT_VERSION = 1;
				GENERATE_INFOPLIST_FILE = YES;
				IPHONEOS_DEPLOYMENT_TARGET = 16.1;
				MARKETING_VERSION = 1.0;
				PRODUCT_BUNDLE_IDENTIFIER = com.hello.CombineExpressSessionTests;
				PRODUCT_NAME = "$(TARGET_NAME)";
				SWIFT_EMIT_LOC_STRINGS = NO;
				SWIFT_VERSION = 5.0;
				TARGETED_DEVICE_FAMILY = "1,2";
				TEST_HOST = "$(BUILT_PRODUCTS_DIR)/CombineExpressSession.app/$(BUNDLE_EXECUTABLE_FOLDER_PATH)/CombineExpressSession";
			};
			name = Debug;
		};
		D468D8DE297AD5D600E4198D /* Release */ = {
			isa = XCBuildConfiguration;
			buildSettings = {
				ALWAYS_EMBED_SWIFT_STANDARD_LIBRARIES = YES;
				BUNDLE_LOADER = "$(TEST_HOST)";
				CODE_SIGN_STYLE = Automatic;
				CURRENT_PROJECT_VERSION = 1;
				GENERATE_INFOPLIST_FILE = YES;
				IPHONEOS_DEPLOYMENT_TARGET = 16.1;
				MARKETING_VERSION = 1.0;
				PRODUCT_BUNDLE_IDENTIFIER = com.hello.CombineExpressSessionTests;
				PRODUCT_NAME = "$(TARGET_NAME)";
				SWIFT_EMIT_LOC_STRINGS = NO;
				SWIFT_VERSION = 5.0;
				TARGETED_DEVICE_FAMILY = "1,2";
				TEST_HOST = "$(BUILT_PRODUCTS_DIR)/CombineExpressSession.app/$(BUNDLE_EXECUTABLE_FOLDER_PATH)/CombineExpressSession";
			};
			name = Release;
		};
/* End XCBuildConfiguration section */

/* Begin XCConfigurationList section */
		D468D8B0297AD5D100E4198D /* Build configuration list for PBXProject "CombineExpressSession" */ = {
			isa = XCConfigurationList;
			buildConfigurations = (
				D468D8D7297AD5D600E4198D /* Debug */,
				D468D8D8297AD5D600E4198D /* Release */,
			);
			defaultConfigurationIsVisible = 0;
			defaultConfigurationName = Release;
		};
		D468D8D9297AD5D600E4198D /* Build configuration list for PBXNativeTarget "CombineExpressSession" */ = {
			isa = XCConfigurationList;
			buildConfigurations = (
				D468D8DA297AD5D600E4198D /* Debug */,
				D468D8DB297AD5D600E4198D /* Release */,
			);
			defaultConfigurationIsVisible = 0;
			defaultConfigurationName = Release;
		};
		D468D8DC297AD5D600E4198D /* Build configuration list for PBXNativeTarget "CombineExpressSessionTests" */ = {
			isa = XCConfigurationList;
			buildConfigurations = (
				D468D8DD297AD5D600E4198D /* Debug */,
				D468D8DE297AD5D600E4198D /* Release */,
			);
			defaultConfigurationIsVisible = 0;
			defaultConfigurationName = Release;
		};
/* End XCConfigurationList section */
	};
	rootObject = D468D8AD297AD5D100E4198D /* Project object */;
}
